
Microsoft Visual Studio Solution File, Format Version 12.00
# Visual Studio Version 17
VisualStudioVersion = 17.5.33516.290
MinimumVisualStudioVersion = 10.0.40219.1
Project("{9A19103F-16F7-4668-BE54-9A1E7A4F7556}") = "CeresNL.Web", "CeresNL.Web\CeresNL.Web.csproj", "{945AEA5F-6267-4B87-852F-AEEEA301A617}"
	ProjectSection(ProjectDependencies) = postProject
		{D74FF916-870A-4109-B344-269C85CB8588} = {D74FF916-870A-4109-B344-269C85CB8588}
	EndProjectSection
EndProject
Project("{9A19103F-16F7-4668-BE54-9A1E7A4F7556}") = "CeresNL.DAL", "CeresNL.DAL\CeresNL.DAL.csproj", "{D74FF916-870A-4109-B344-269C85CB8588}"
EndProject
Project("{FAE04EC0-301F-11D3-BF4B-00C04F79EFBC}") = "CeresNL.Core", "CeresNL.Repository\CeresNL.Core.csproj", "{575EFA2E-C511-497A-B112-01B2CEECA3B6}"
EndProject
Global
	GlobalSection(SolutionConfigurationPlatforms) = preSolution
		Debug|Any CPU = Debug|Any CPU
		Release|Any CPU = Release|Any CPU
	EndGlobalSection
	GlobalSection(ProjectConfigurationPlatforms) = postSolution
		{945AEA5F-6267-4B87-852F-AEEEA301A617}.Debug|Any CPU.ActiveCfg = Debug|Any CPU
		{945AEA5F-6267-4B87-852F-AEEEA301A617}.Debug|Any CPU.Build.0 = Debug|Any CPU
		{945AEA5F-6267-4B87-852F-AEEEA301A617}.Release|Any CPU.ActiveCfg = Release|Any CPU
		{945AEA5F-6267-4B87-852F-AEEEA301A617}.Release|Any CPU.Build.0 = Release|Any CPU
		{D74FF916-870A-4109-B344-269C85CB8588}.Debug|Any CPU.ActiveCfg = Debug|Any CPU
		{D74FF916-870A-4109-B344-269C85CB8588}.Debug|Any CPU.Build.0 = Debug|Any CPU
		{D74FF916-870A-4109-B344-269C85CB8588}.Release|Any CPU.ActiveCfg = Release|Any CPU
		{D74FF916-870A-4109-B344-269C85CB8588}.Release|Any CPU.Build.0 = Release|Any CPU
		{575EFA2E-C511-497A-B112-01B2CEECA3B6}.Debug|Any CPU.ActiveCfg = Debug|Any CPU
		{575EFA2E-C511-497A-B112-01B2CEECA3B6}.Debug|Any CPU.Build.0 = Debug|Any CPU
		{575EFA2E-C511-497A-B112-01B2CEECA3B6}.Release|Any CPU.ActiveCfg = Release|Any CPU
		{575EFA2E-C511-497A-B112-01B2CEECA3B6}.Release|Any CPU.Build.0 = Release|Any CPU
	EndGlobalSection
	GlobalSection(SolutionProperties) = preSolution
		HideSolutionNode = FALSE
	EndGlobalSection
	GlobalSection(ExtensibilityGlobals) = postSolution
		SolutionGuid = {4DA94B8D-7511-4047-830E-5D79C772C386}
	EndGlobalSection
EndGlobal
